# generated by rye
# use `rye lock` or `rye sync` to update this lockfile
#
# last locked with the following flags:
#   pre: true
#   features: []
#   all-features: false
#   with-sources: false
#   generate-hashes: false
#   universal: false

-e file:.
absl-py==2.1.0
    # via tensorboard
accelerate==0.34.2
    # via autogluon-multimodal
    # via autogluon-timeseries
adagio==0.2.6
    # via fugue
aiohappyeyeballs==2.4.3
    # via aiohttp
aiohttp==3.11.2
    # via aiohttp-cors
    # via datasets
    # via fsspec
    # via ray
aiohttp-cors==0.7.0
    # via ray
aiosignal==1.3.1
    # via aiohttp
    # via ray
alembic==1.14.0
    # via optuna
annotated-types==0.7.0
    # via pydantic
antlr4-python3-runtime==4.9.3
    # via omegaconf
appdirs==1.4.4
    # via fs
asttokens==2.4.1
    # via stack-data
attrs==24.2.0
    # via aiohttp
    # via jsonschema
    # via referencing
augly==1.0.0
    # via datagnosis
aum==1.0.2
    # via datagnosis
autogluon==1.1.2b20241117
    # via pa4
autogluon-common==1.1.2b20241117
    # via autogluon-core
    # via autogluon-features
    # via autogluon-multimodal
    # via autogluon-timeseries
autogluon-core==1.1.2b20241117
    # via autogluon
    # via autogluon-multimodal
    # via autogluon-tabular
    # via autogluon-timeseries
autogluon-features==1.1.2b20241117
    # via autogluon
    # via autogluon-multimodal
    # via autogluon-tabular
autogluon-multimodal==1.1.2b20241117
    # via autogluon
autogluon-tabular==1.1.2b20241117
    # via autogluon
    # via autogluon-timeseries
autogluon-timeseries==1.1.2b20241117
    # via autogluon
beautifulsoup4==4.13.0b2
    # via gdown
blis==0.7.11
    # via thinc
boto3==1.35.63
    # via autogluon-common
    # via autogluon-core
    # via autogluon-multimodal
botocore==1.35.63
    # via boto3
    # via s3transfer
cachetools==5.5.0
    # via google-auth
catalogue==2.0.10
    # via spacy
    # via srsly
    # via thinc
catboost==1.2.7
    # via autogluon-tabular
certifi==2024.8.30
    # via requests
charset-normalizer==3.4.0
    # via requests
click==8.1.7
    # via model-index
    # via nltk
    # via opendatalab
    # via openmim
    # via ray
    # via typer
cloudpathlib==0.20.0
    # via weasel
cloudpickle==3.1.0
    # via datagnosis
    # via hyperopt
    # via mlforecast
    # via statsforecast
colorama==0.4.6
    # via opendatalab
    # via openmim
coloredlogs==15.0.1
    # via onnxruntime
    # via optimum
colorful==0.6.0a1
    # via ray
colorlog==6.9.0
    # via optuna
comm==0.2.2
    # via ipykernel
confection==0.1.5
    # via thinc
    # via weasel
contourpy==1.3.1
    # via matplotlib
coreforecast==0.0.12
    # via autogluon-timeseries
    # via mlforecast
    # via statsforecast
cycler==0.12.1
    # via matplotlib
cymem==2.0.9a3
    # via preshed
    # via spacy
    # via thinc
datagnosis==0.0.3
    # via pa4
datasets==2.14.4
    # via evaluate
    # via optimum
debugpy==1.8.8
    # via ipykernel
decorator==5.1.1
    # via ipython
defusedxml==0.7.1
    # via autogluon-multimodal
dill==0.3.7
    # via datasets
    # via evaluate
    # via multiprocess
distlib==0.3.9
    # via virtualenv
evaluate==0.4.3
    # via autogluon-multimodal
    # via optimum
executing==2.1.0
    # via stack-data
fastai==2.7.18
    # via autogluon-tabular
fastcore==1.7.20
    # via fastai
    # via fastdownload
fastdownload==0.0.7
    # via fastai
fastprogress==1.0.3
    # via fastai
    # via fastdownload
filelock==3.16.1
    # via gdown
    # via huggingface-hub
    # via ray
    # via torch
    # via transformers
    # via triton
    # via virtualenv
flatbuffers==24.3.25
    # via onnxruntime
fonttools==4.55.0
    # via matplotlib
frozenlist==1.5.0
    # via aiohttp
    # via aiosignal
    # via ray
fs==2.4.16
    # via triad
fsspec==2024.10.0
    # via datasets
    # via evaluate
    # via huggingface-hub
    # via lightning
    # via mlforecast
    # via pytorch-lightning
    # via ray
    # via torch
    # via triad
fugue==0.9.2.dev1
    # via autogluon-timeseries
    # via statsforecast
future==1.0.0
    # via hyperopt
gdown==5.2.0
    # via nlpaug
gluonts==0.16.0
    # via autogluon-timeseries
google-api-core==2.23.0
    # via opencensus
google-auth==2.36.0
    # via google-api-core
googleapis-common-protos==1.66.0
    # via google-api-core
graphviz==0.20.3
    # via catboost
greenlet==3.1.1
    # via sqlalchemy
grpcio==1.68.0
    # via ray
    # via tensorboard
huggingface-hub==0.26.2
    # via accelerate
    # via datasets
    # via evaluate
    # via optimum
    # via timm
    # via tokenizers
    # via transformers
humanfriendly==10.0
    # via coloredlogs
hyperopt==0.2.7
    # via autogluon-core
idna==3.10
    # via requests
    # via yarl
imageio==2.36.0
    # via scikit-image
iopath==0.1.10
    # via augly
ipykernel==6.29.5
    # via pa4
ipython==8.29.0
    # via ipykernel
jedi==0.19.2
    # via ipython
jinja2==3.1.4
    # via autogluon-multimodal
    # via memray
    # via spacy
    # via torch
jmespath==1.0.1
    # via boto3
    # via botocore
joblib==1.4.2
    # via autogluon-timeseries
    # via mlxtend
    # via nltk
    # via scikit-learn
jsonschema==4.21.1
    # via autogluon-multimodal
    # via ray
jsonschema-specifications==2024.10.1
    # via jsonschema
jupyter-client==8.6.3
    # via ipykernel
jupyter-core==5.7.2
    # via ipykernel
    # via jupyter-client
kiwisolver==1.4.7
    # via matplotlib
langcodes==3.4.1
    # via spacy
language-data==1.2.0
    # via langcodes
lazy-loader==0.4
    # via scikit-image
lightgbm==4.5.0
    # via autogluon-tabular
lightning==2.5.0.dev20241117
    # via autogluon-multimodal
    # via autogluon-timeseries
lightning-utilities==0.11.8
    # via lightning
    # via pytorch-lightning
    # via torchmetrics
linkify-it-py==2.0.3
    # via markdown-it-py
llvmlite==0.43.0
    # via numba
loguru==0.7.2
    # via datagnosis
mako==1.3.6
    # via alembic
marisa-trie==1.2.1
    # via language-data
markdown==3.7
    # via model-index
    # via tensorboard
markdown-it-py==3.0.0
    # via mdit-py-plugins
    # via rich
    # via textual
markupsafe==3.0.2
    # via jinja2
    # via mako
    # via werkzeug
matplotlib==3.9.2
    # via autogluon-core
    # via catboost
    # via fastai
    # via mlxtend
    # via seaborn
matplotlib-inline==0.1.7
    # via ipykernel
    # via ipython
mdit-py-plugins==0.4.2
    # via markdown-it-py
mdurl==0.1.2
    # via markdown-it-py
memray==1.14.0
    # via ray
mlforecast==0.13.4
    # via autogluon-timeseries
mlxtend==0.23.3
    # via pa4
model-index==0.1.11
    # via openmim
mpmath==1.3.0
    # via sympy
msgpack==1.1.0
    # via ray
multidict==6.1.0
    # via aiohttp
    # via yarl
multiprocess==0.70.15
    # via datasets
    # via evaluate
murmurhash==1.0.10
    # via preshed
    # via spacy
    # via thinc
nest-asyncio==1.6.0
    # via ipykernel
networkx==3.4.2
    # via autogluon-core
    # via autogluon-tabular
    # via autogluon-timeseries
    # via hyperopt
    # via scikit-image
    # via torch
nlpaug==1.1.11
    # via autogluon-multimodal
nltk==3.8.1
    # via autogluon-multimodal
nptyping==2.4.1
    # via autogluon-multimodal
numba==0.60.0
    # via mlforecast
    # via statsforecast
    # via window-ops
numpy==1.26.4
    # via accelerate
    # via autogluon-common
    # via autogluon-core
    # via autogluon-features
    # via autogluon-multimodal
    # via autogluon-tabular
    # via autogluon-timeseries
    # via blis
    # via catboost
    # via contourpy
    # via coreforecast
    # via datagnosis
    # via datasets
    # via evaluate
    # via gluonts
    # via hyperopt
    # via imageio
    # via lightgbm
    # via matplotlib
    # via mlxtend
    # via nlpaug
    # via nptyping
    # via numba
    # via onnx
    # via onnxruntime
    # via optimum
    # via optuna
    # via pandas
    # via patsy
    # via pytorch-metric-learning
    # via scikit-image
    # via scikit-learn
    # via scipy
    # via seaborn
    # via seqeval
    # via spacy
    # via statsforecast
    # via statsmodels
    # via tensorboard
    # via tensorboardx
    # via thinc
    # via tifffile
    # via torchmetrics
    # via torchvision
    # via transformers
    # via triad
    # via utilsforecast
    # via window-ops
    # via xgboost
nvidia-cublas-cu12==12.1.3.1
    # via nvidia-cudnn-cu12
    # via nvidia-cusolver-cu12
    # via torch
nvidia-cuda-cupti-cu12==12.1.105
    # via torch
nvidia-cuda-nvrtc-cu12==12.1.105
    # via torch
nvidia-cuda-runtime-cu12==12.1.105
    # via torch
nvidia-cudnn-cu12==8.9.2.26
    # via torch
nvidia-cufft-cu12==11.0.2.54
    # via torch
nvidia-curand-cu12==10.3.2.106
    # via torch
nvidia-cusolver-cu12==11.4.5.107
    # via torch
nvidia-cusparse-cu12==12.1.0.106
    # via nvidia-cusolver-cu12
    # via torch
nvidia-ml-py3==7.352.0
    # via autogluon-multimodal
nvidia-nccl-cu12==2.20.5
    # via torch
    # via xgboost
nvidia-nvjitlink-cu12==12.6.77
    # via nvidia-cusolver-cu12
    # via nvidia-cusparse-cu12
nvidia-nvtx-cu12==12.1.105
    # via torch
omegaconf==2.2.3
    # via autogluon-multimodal
onnx==1.17.0
    # via optimum
onnxruntime==1.20.0
    # via optimum
opencensus==0.11.4
    # via ray
opencensus-context==0.2.dev0
    # via opencensus
opendatalab==0.0.10
    # via openmim
openmim==0.3.9
    # via autogluon-multimodal
openxlab==0.0.11
    # via opendatalab
optimum==1.17.1
    # via autogluon-timeseries
optuna==4.1.0
    # via mlforecast
ordered-set==4.1.0
    # via model-index
orjson==3.10.11
    # via autogluon-timeseries
packaging==24.2
    # via accelerate
    # via datasets
    # via evaluate
    # via fastai
    # via fastcore
    # via huggingface-hub
    # via ipykernel
    # via lazy-loader
    # via lightning
    # via lightning-utilities
    # via matplotlib
    # via mlforecast
    # via onnxruntime
    # via optimum
    # via optuna
    # via plotly
    # via pytesseract
    # via pytorch-lightning
    # via ray
    # via scikit-image
    # via spacy
    # via statsmodels
    # via tensorboard
    # via tensorboardx
    # via thinc
    # via transformers
    # via utilsforecast
    # via weasel
pandas==2.2.3
    # via aum
    # via autogluon-common
    # via autogluon-core
    # via autogluon-features
    # via autogluon-multimodal
    # via autogluon-tabular
    # via autogluon-timeseries
    # via catboost
    # via datagnosis
    # via datasets
    # via evaluate
    # via fastai
    # via gluonts
    # via mlforecast
    # via mlxtend
    # via nlpaug
    # via openmim
    # via ray
    # via seaborn
    # via statsforecast
    # via statsmodels
    # via triad
    # via utilsforecast
parso==0.8.4
    # via jedi
patsy==1.0.1
    # via statsmodels
pdf2image==1.17.0
    # via autogluon-multimodal
pexpect==4.9.0
    # via ipython
pillow==10.4.0
    # via autogluon-multimodal
    # via fastai
    # via imageio
    # via matplotlib
    # via pdf2image
    # via pytesseract
    # via scikit-image
    # via torchvision
pip==24.3.1
    # via fastai
    # via openmim
platformdirs==4.3.6
    # via jupyter-core
    # via textual
    # via virtualenv
plotly==5.24.1
    # via catboost
portalocker==2.10.1
    # via iopath
preshed==3.0.9
    # via spacy
    # via thinc
prometheus-client==0.21.0
    # via ray
prompt-toolkit==3.0.48
    # via ipython
propcache==0.2.0
    # via aiohttp
    # via yarl
proto-plus==1.25.0
    # via google-api-core
protobuf==5.29.0rc2
    # via google-api-core
    # via googleapis-common-protos
    # via onnx
    # via onnxruntime
    # via optimum
    # via proto-plus
    # via ray
    # via tensorboard
    # via tensorboardx
    # via transformers
psutil==5.9.8
    # via accelerate
    # via autogluon-common
    # via ipykernel
ptyprocess==0.7.0
    # via pexpect
pure-eval==0.2.3
    # via stack-data
py-spy==0.4.0
    # via ray
py4j==0.10.9.7
    # via hyperopt
pyarrow==18.0.0
    # via autogluon-core
    # via datasets
    # via ray
    # via triad
pyasn1==0.6.1
    # via pyasn1-modules
    # via rsa
pyasn1-modules==0.4.1
    # via google-auth
pycryptodome==3.21.0
    # via opendatalab
pydantic==2.9.2
    # via confection
    # via datagnosis
    # via gluonts
    # via ray
    # via spacy
    # via thinc
    # via weasel
pydantic-core==2.23.4
    # via pydantic
pygments==2.18.0
    # via ipython
    # via rich
pyparsing==3.2.0
    # via matplotlib
pysocks==1.7.1
    # via requests
pytesseract==0.3.10
    # via autogluon-multimodal
python-dateutil==2.9.0.post0
    # via botocore
    # via jupyter-client
    # via matplotlib
    # via pandas
python-magic==0.4.27
    # via augly
pytorch-lightning==2.4.0
    # via autogluon-timeseries
    # via lightning
pytorch-metric-learning==2.3.0
    # via autogluon-multimodal
pytz==2024.2
    # via pandas
pyyaml==6.0.2
    # via accelerate
    # via datasets
    # via fastai
    # via huggingface-hub
    # via lightning
    # via model-index
    # via omegaconf
    # via optuna
    # via pytorch-lightning
    # via ray
    # via timm
    # via transformers
pyzmq==26.2.0
    # via ipykernel
    # via jupyter-client
ray==2.31.0
    # via autogluon-core
referencing==0.35.1
    # via jsonschema
    # via jsonschema-specifications
regex==2024.11.6
    # via augly
    # via nltk
    # via transformers
requests==2.32.3
    # via autogluon-core
    # via autogluon-multimodal
    # via datasets
    # via evaluate
    # via fastai
    # via gdown
    # via google-api-core
    # via huggingface-hub
    # via nlpaug
    # via opendatalab
    # via openmim
    # via ray
    # via spacy
    # via transformers
    # via weasel
rich==13.9.4
    # via memray
    # via opendatalab
    # via openmim
    # via textual
    # via typer
rpds-py==0.21.0
    # via jsonschema
    # via referencing
rsa==4.9
    # via google-auth
s3transfer==0.10.3
    # via boto3
safetensors==0.4.6.dev0
    # via accelerate
    # via timm
    # via transformers
scikit-image==0.24.0
    # via autogluon-multimodal
scikit-learn==1.5.0
    # via autogluon-core
    # via autogluon-features
    # via autogluon-multimodal
    # via autogluon-tabular
    # via datagnosis
    # via fastai
    # via mlforecast
    # via mlxtend
    # via pa4
    # via pytorch-metric-learning
    # via seqeval
scipy==1.12.0
    # via autogluon-core
    # via autogluon-multimodal
    # via autogluon-tabular
    # via autogluon-timeseries
    # via catboost
    # via fastai
    # via hyperopt
    # via lightgbm
    # via mlxtend
    # via scikit-image
    # via scikit-learn
    # via statsforecast
    # via statsmodels
    # via xgboost
seaborn==0.13.2
    # via datagnosis
sentencepiece==0.2.0
    # via transformers
seqeval==1.2.2
    # via autogluon-multimodal
setuptools==75.5.0
    # via autogluon-common
    # via fs
    # via lightning-utilities
    # via marisa-trie
    # via spacy
    # via tensorboard
    # via thinc
shellingham==1.5.4
    # via typer
six==1.16.0
    # via asttokens
    # via catboost
    # via fs
    # via hyperopt
    # via opencensus
    # via python-dateutil
    # via tensorboard
    # via triad
smart-open==7.0.5
    # via ray
    # via weasel
soupsieve==2.6
    # via beautifulsoup4
spacy==3.7.6a0
    # via autogluon-tabular
    # via fastai
spacy-legacy==3.0.12
    # via spacy
spacy-loggers==1.0.5
    # via spacy
sqlalchemy==2.0.36
    # via alembic
    # via optuna
srsly==2.4.8
    # via confection
    # via spacy
    # via thinc
    # via weasel
stack-data==0.6.3
    # via ipython
statsforecast==1.7.8
    # via autogluon-timeseries
statsmodels==0.14.4
    # via statsforecast
sympy==1.13.3
    # via onnxruntime
    # via optimum
    # via torch
tabulate==0.9.0
    # via openmim
tenacity==9.0.0
    # via plotly
tensorboard==2.18.0
    # via autogluon-multimodal
    # via autogluon-timeseries
tensorboard-data-server==0.7.2
    # via tensorboard
tensorboardx==2.6.2.2
    # via ray
text-unidecode==1.3
    # via autogluon-multimodal
textual==0.86.1
    # via memray
thinc==8.2.5
    # via spacy
threadpoolctl==3.5.0
    # via scikit-learn
    # via statsforecast
tifffile==2024.9.20
    # via scikit-image
timm==1.0.3
    # via autogluon-multimodal
tokenizers==0.20.3
    # via transformers
toolz==0.12.1
    # via gluonts
torch==2.3.1
    # via accelerate
    # via aum
    # via autogluon-multimodal
    # via autogluon-tabular
    # via autogluon-timeseries
    # via datagnosis
    # via fastai
    # via lightning
    # via optimum
    # via pytorch-lightning
    # via pytorch-metric-learning
    # via timm
    # via torchmetrics
    # via torchvision
torchmetrics==1.2.0
    # via autogluon-multimodal
    # via lightning
    # via pytorch-lightning
torchvision==0.18.1
    # via autogluon-multimodal
    # via datagnosis
    # via fastai
    # via timm
tornado==6.4.1
    # via ipykernel
    # via jupyter-client
tqdm==4.67.0
    # via autogluon-common
    # via autogluon-core
    # via autogluon-multimodal
    # via autogluon-timeseries
    # via datasets
    # via evaluate
    # via gdown
    # via gluonts
    # via huggingface-hub
    # via hyperopt
    # via iopath
    # via lightning
    # via nltk
    # via opendatalab
    # via optuna
    # via pytorch-lightning
    # via pytorch-metric-learning
    # via spacy
    # via statsforecast
    # via transformers
traitlets==5.14.3
    # via comm
    # via ipykernel
    # via ipython
    # via jupyter-client
    # via jupyter-core
    # via matplotlib-inline
transformers==4.46.2
    # via autogluon-multimodal
    # via autogluon-timeseries
    # via optimum
triad==0.9.8
    # via adagio
    # via fugue
triton==2.3.1
    # via torch
typer==0.13.0
    # via spacy
    # via weasel
typing-extensions==4.12.2
    # via alembic
    # via beautifulsoup4
    # via gluonts
    # via huggingface-hub
    # via iopath
    # via ipython
    # via lightning
    # via lightning-utilities
    # via pydantic
    # via pydantic-core
    # via pytorch-lightning
    # via sqlalchemy
    # via textual
    # via torch
    # via typer
tzdata==2024.2
    # via pandas
uc-micro-py==1.0.3
    # via linkify-it-py
urllib3==2.2.3
    # via botocore
    # via requests
utilsforecast==0.2.4
    # via autogluon-timeseries
    # via mlforecast
    # via statsforecast
virtualenv==20.27.1
    # via ray
wasabi==1.1.3
    # via spacy
    # via thinc
    # via weasel
wcwidth==0.2.13
    # via prompt-toolkit
weasel==0.4.1
    # via spacy
werkzeug==3.1.3
    # via tensorboard
window-ops==0.0.15
    # via mlforecast
wrapt==1.17.0rc1
    # via smart-open
xgboost==2.1.2
    # via autogluon-tabular
xxhash==3.5.0
    # via datasets
    # via evaluate
yarl==1.17.1
    # via aiohttp
